// !$*UTF8*$!
{
	archiveVersion = 1;
	classes = {
	};
	objectVersion = 45;
	objects = {

/* Begin PBXAggregateTarget section */
		BC81653C127F0D9500EA5851 /* Documentation */ = {
			isa = PBXAggregateTarget;
			buildConfigurationList = BC816545127F0DC100EA5851 /* Build configuration list for PBXAggregateTarget "Documentation" */;
			buildPhases = (
				BC81653B127F0D9500EA5851 /* Run Script (RunDoxygen.sh) */,
			);
			dependencies = (
			);
			name = Documentation;
			productName = Documentation;
		};
/* End PBXAggregateTarget section */

/* Begin PBXBuildFile section */
		8DC2EF530486A6940098B216 /* InfoPlist.strings in Resources */ = {isa = PBXBuildFile; fileRef = 089C1666FE841158C02AAC07 /* InfoPlist.strings */; };
		8DC2EF570486A6940098B216 /* Cocoa.framework in Frameworks */ = {isa = PBXBuildFile; fileRef = 1058C7B1FEA5585E11CA2CBB /* Cocoa.framework */; };
		BC062BD51281FA03007BDE49 /* Fusion.h in Headers */ = {isa = PBXBuildFile; fileRef = BC062BD41281FA03007BDE49 /* Fusion.h */; };
		BCDC6141127EF1A0006A3BBA /* WOFPlugIn.h in Headers */ = {isa = PBXBuildFile; fileRef = BCDC613F127EF1A0006A3BBA /* WOFPlugIn.h */; };
		BCDC6142127EF1A0006A3BBA /* WOFPlugIn.m in Sources */ = {isa = PBXBuildFile; fileRef = BCDC6140127EF1A0006A3BBA /* WOFPlugIn.m */; };
		BCDC6145127EF1B0006A3BBA /* WOFPlugInManager.h in Headers */ = {isa = PBXBuildFile; fileRef = BCDC6143127EF1B0006A3BBA /* WOFPlugInManager.h */; };
		BCDC6146127EF1B0006A3BBA /* WOFPlugInManager.m in Sources */ = {isa = PBXBuildFile; fileRef = BCDC6144127EF1B0006A3BBA /* WOFPlugInManager.m */; };
/* End PBXBuildFile section */

/* Begin PBXFileReference section */
		0867D69BFE84028FC02AAC07 /* Foundation.framework */ = {isa = PBXFileReference; lastKnownFileType = wrapper.framework; name = Foundation.framework; path = /System/Library/Frameworks/Foundation.framework; sourceTree = "<absolute>"; };
		0867D6A5FE840307C02AAC07 /* AppKit.framework */ = {isa = PBXFileReference; lastKnownFileType = wrapper.framework; name = AppKit.framework; path = /System/Library/Frameworks/AppKit.framework; sourceTree = "<absolute>"; };
		1058C7B1FEA5585E11CA2CBB /* Cocoa.framework */ = {isa = PBXFileReference; lastKnownFileType = wrapper.framework; name = Cocoa.framework; path = /System/Library/Frameworks/Cocoa.framework; sourceTree = "<absolute>"; };
		8DC2EF5A0486A6940098B216 /* Info.plist */ = {isa = PBXFileReference; fileEncoding = 4; lastKnownFileType = text.plist.xml; path = Info.plist; sourceTree = "<group>"; };
		8DC2EF5B0486A6940098B216 /* Fusion.framework */ = {isa = PBXFileReference; explicitFileType = wrapper.framework; includeInIndex = 0; path = Fusion.framework; sourceTree = BUILT_PRODUCTS_DIR; };
		BC062B171280CF4E007BDE49 /* WOPublic */ = {isa = PBXFileReference; lastKnownFileType = folder; path = WOPublic; sourceTree = "<group>"; };
		BC062BD41281FA03007BDE49 /* Fusion.h */ = {isa = PBXFileReference; fileEncoding = 4; lastKnownFileType = sourcecode.c.h; path = Fusion.h; sourceTree = "<group>"; };
		BC062FBF128354CA007BDE49 /* en */ = {isa = PBXFileReference; lastKnownFileType = text.plist.strings; name = en; path = en.lproj/InfoPlist.strings; sourceTree = "<group>"; };
		BC816537127F0CBD00EA5851 /* Doxyfile */ = {isa = PBXFileReference; fileEncoding = 4; lastKnownFileType = text; path = Doxyfile; sourceTree = "<group>"; };
		BCDC613F127EF1A0006A3BBA /* WOFPlugIn.h */ = {isa = PBXFileReference; fileEncoding = 4; lastKnownFileType = sourcecode.c.h; path = WOFPlugIn.h; sourceTree = "<group>"; };
		BCDC6140127EF1A0006A3BBA /* WOFPlugIn.m */ = {isa = PBXFileReference; fileEncoding = 4; lastKnownFileType = sourcecode.c.objc; path = WOFPlugIn.m; sourceTree = "<group>"; };
		BCDC6143127EF1B0006A3BBA /* WOFPlugInManager.h */ = {isa = PBXFileReference; fileEncoding = 4; lastKnownFileType = sourcecode.c.h; path = WOFPlugInManager.h; sourceTree = "<group>"; };
		BCDC6144127EF1B0006A3BBA /* WOFPlugInManager.m */ = {isa = PBXFileReference; fileEncoding = 4; lastKnownFileType = sourcecode.c.objc; path = WOFPlugInManager.m; sourceTree = "<group>"; };
		BCEA3F57127E139E00AF3789 /* buildtools */ = {isa = PBXFileReference; lastKnownFileType = folder; path = buildtools; sourceTree = "<group>"; };
		BCEA3FE6127E13BA00AF3789 /* base-style.xcconfig */ = {isa = PBXFileReference; fileEncoding = 4; lastKnownFileType = text.xcconfig; name = "base-style.xcconfig"; path = "buildtools/base-style.xcconfig"; sourceTree = "<group>"; };
		BCEA3FE7127E13BA00AF3789 /* debug-style.xcconfig */ = {isa = PBXFileReference; fileEncoding = 4; lastKnownFileType = text.xcconfig; name = "debug-style.xcconfig"; path = "buildtools/debug-style.xcconfig"; sourceTree = "<group>"; };
		BCEA3FE8127E13BA00AF3789 /* framework-target.xcconfig */ = {isa = PBXFileReference; fileEncoding = 4; lastKnownFileType = text.xcconfig; name = "framework-target.xcconfig"; path = "buildtools/framework-target.xcconfig"; sourceTree = "<group>"; };
		BCEA3FE9127E13BA00AF3789 /* release-style.xcconfig */ = {isa = PBXFileReference; fileEncoding = 4; lastKnownFileType = text.xcconfig; name = "release-style.xcconfig"; path = "buildtools/release-style.xcconfig"; sourceTree = "<group>"; };
		D2F7E79907B2D74100F64583 /* CoreData.framework */ = {isa = PBXFileReference; lastKnownFileType = wrapper.framework; name = CoreData.framework; path = /System/Library/Frameworks/CoreData.framework; sourceTree = "<absolute>"; };
/* End PBXFileReference section */

/* Begin PBXFrameworksBuildPhase section */
		8DC2EF560486A6940098B216 /* Frameworks */ = {
			isa = PBXFrameworksBuildPhase;
			buildActionMask = 2147483647;
			files = (
				8DC2EF570486A6940098B216 /* Cocoa.framework in Frameworks */,
			);
			runOnlyForDeploymentPostprocessing = 0;
		};
/* End PBXFrameworksBuildPhase section */

/* Begin PBXGroup section */
		034768DFFF38A50411DB9C8B /* Products */ = {
			isa = PBXGroup;
			children = (
				8DC2EF5B0486A6940098B216 /* Fusion.framework */,
			);
			name = Products;
			sourceTree = "<group>";
		};
		0867D691FE84028FC02AAC07 /* Fusion */ = {
			isa = PBXGroup;
			children = (
				BCEA3F56127E138E00AF3789 /* Submodules */,
				BCEA3F55127E138100AF3789 /* Configuration */,
				BC062BD31281F9B4007BDE49 /* Headers */,
				08FB77AEFE84172EC02AAC07 /* Classes */,
				32C88DFF0371C24200C91783 /* Documentation */,
				089C1665FE841158C02AAC07 /* Resources */,
				0867D69AFE84028FC02AAC07 /* External Frameworks and Libraries */,
				034768DFFF38A50411DB9C8B /* Products */,
			);
			name = Fusion;
			sourceTree = "<group>";
		};
		0867D69AFE84028FC02AAC07 /* External Frameworks and Libraries */ = {
			isa = PBXGroup;
			children = (
				1058C7B0FEA5585E11CA2CBB /* Linked Frameworks */,
				1058C7B2FEA5585E11CA2CBB /* Other Frameworks */,
			);
			name = "External Frameworks and Libraries";
			sourceTree = "<group>";
		};
		089C1665FE841158C02AAC07 /* Resources */ = {
			isa = PBXGroup;
			children = (
				8DC2EF5A0486A6940098B216 /* Info.plist */,
				089C1666FE841158C02AAC07 /* InfoPlist.strings */,
			);
			name = Resources;
			sourceTree = "<group>";
		};
		08FB77AEFE84172EC02AAC07 /* Classes */ = {
			isa = PBXGroup;
			children = (
				BCDC613F127EF1A0006A3BBA /* WOFPlugIn.h */,
				BCDC6140127EF1A0006A3BBA /* WOFPlugIn.m */,
				BCDC6143127EF1B0006A3BBA /* WOFPlugInManager.h */,
				BCDC6144127EF1B0006A3BBA /* WOFPlugInManager.m */,
			);
			name = Classes;
			sourceTree = "<group>";
		};
		1058C7B0FEA5585E11CA2CBB /* Linked Frameworks */ = {
			isa = PBXGroup;
			children = (
				1058C7B1FEA5585E11CA2CBB /* Cocoa.framework */,
			);
			name = "Linked Frameworks";
			sourceTree = "<group>";
		};
		1058C7B2FEA5585E11CA2CBB /* Other Frameworks */ = {
			isa = PBXGroup;
			children = (
				0867D6A5FE840307C02AAC07 /* AppKit.framework */,
				D2F7E79907B2D74100F64583 /* CoreData.framework */,
				0867D69BFE84028FC02AAC07 /* Foundation.framework */,
			);
			name = "Other Frameworks";
			sourceTree = "<group>";
		};
		32C88DFF0371C24200C91783 /* Documentation */ = {
			isa = PBXGroup;
			children = (
				BC816537127F0CBD00EA5851 /* Doxyfile */,
			);
			name = Documentation;
			sourceTree = "<group>";
		};
		BC062BD31281F9B4007BDE49 /* Headers */ = {
			isa = PBXGroup;
			children = (
				BC062BD41281FA03007BDE49 /* Fusion.h */,
			);
			name = Headers;
			sourceTree = "<group>";
		};
		BCEA3F55127E138100AF3789 /* Configuration */ = {
			isa = PBXGroup;
			children = (
				BCEA3FE6127E13BA00AF3789 /* base-style.xcconfig */,
				BCEA3FE7127E13BA00AF3789 /* debug-style.xcconfig */,
				BCEA3FE8127E13BA00AF3789 /* framework-target.xcconfig */,
				BCEA3FE9127E13BA00AF3789 /* release-style.xcconfig */,
			);
			name = Configuration;
			sourceTree = "<group>";
		};
		BCEA3F56127E138E00AF3789 /* Submodules */ = {
			isa = PBXGroup;
			children = (
				BC062B171280CF4E007BDE49 /* WOPublic */,
				BCEA3F57127E139E00AF3789 /* buildtools */,
			);
			name = Submodules;
			sourceTree = "<group>";
		};
/* End PBXGroup section */

/* Begin PBXHeadersBuildPhase section */
		8DC2EF500486A6940098B216 /* Headers */ = {
			isa = PBXHeadersBuildPhase;
			buildActionMask = 2147483647;
			files = (
				BCDC6141127EF1A0006A3BBA /* WOFPlugIn.h in Headers */,
				BCDC6145127EF1B0006A3BBA /* WOFPlugInManager.h in Headers */,
				BC062BD51281FA03007BDE49 /* Fusion.h in Headers */,
			);
			runOnlyForDeploymentPostprocessing = 0;
		};
/* End PBXHeadersBuildPhase section */

/* Begin PBXNativeTarget section */
		8DC2EF4F0486A6940098B216 /* Fusion */ = {
			isa = PBXNativeTarget;
			buildConfigurationList = 1DEB91AD08733DA50010E9CD /* Build configuration list for PBXNativeTarget "Fusion" */;
			buildPhases = (
				8DC2EF500486A6940098B216 /* Headers */,
				8DC2EF520486A6940098B216 /* Resources */,
				8DC2EF540486A6940098B216 /* Sources */,
				8DC2EF560486A6940098B216 /* Frameworks */,
			);
			buildRules = (
			);
			dependencies = (
			);
			name = Fusion;
			productInstallPath = "$(HOME)/Library/Frameworks";
			productName = Fusion;
			productReference = 8DC2EF5B0486A6940098B216 /* Fusion.framework */;
			productType = "com.apple.product-type.framework";
		};
/* End PBXNativeTarget section */

/* Begin PBXProject section */
		0867D690FE84028FC02AAC07 /* Project object */ = {
			isa = PBXProject;
			buildConfigurationList = 1DEB91B108733DA50010E9CD /* Build configuration list for PBXProject "Fusion" */;
			compatibilityVersion = "Xcode 3.1";
			developmentRegion = English;
			hasScannedForEncodings = 1;
			knownRegions = (
				English,
				Japanese,
				French,
				German,
				en,
			);
			mainGroup = 0867D691FE84028FC02AAC07 /* Fusion */;
			productRefGroup = 034768DFFF38A50411DB9C8B /* Products */;
			projectDirPath = "";
			projectRoot = "";
			targets = (
				8DC2EF4F0486A6940098B216 /* Fusion */,
				BC81653C127F0D9500EA5851 /* Documentation */,
			);
		};
/* End PBXProject section */

/* Begin PBXResourcesBuildPhase section */
		8DC2EF520486A6940098B216 /* Resources */ = {
			isa = PBXResourcesBuildPhase;
			buildActionMask = 2147483647;
			files = (
				8DC2EF530486A6940098B216 /* InfoPlist.strings in Resources */,
			);
			runOnlyForDeploymentPostprocessing = 0;
		};
/* End PBXResourcesBuildPhase section */

/* Begin PBXShellScriptBuildPhase section */
		BC81653B127F0D9500EA5851 /* Run Script (RunDoxygen.sh) */ = {
			isa = PBXShellScriptBuildPhase;
			buildActionMask = 2147483647;
			files = (
			);
			inputPaths = (
			);
			name = "Run Script (RunDoxygen.sh)";
			outputPaths = (
			);
			runOnlyForDeploymentPostprocessing = 0;
			shellPath = /bin/sh;
			shellScript = ". \"$BUILDTOOLS_DIR/RunDoxygen.sh\"";
		};
/* End PBXShellScriptBuildPhase section */

/* Begin PBXSourcesBuildPhase section */
		8DC2EF540486A6940098B216 /* Sources */ = {
			isa = PBXSourcesBuildPhase;
			buildActionMask = 2147483647;
			files = (
				BCDC6142127EF1A0006A3BBA /* WOFPlugIn.m in Sources */,
				BCDC6146127EF1B0006A3BBA /* WOFPlugInManager.m in Sources */,
			);
			runOnlyForDeploymentPostprocessing = 0;
		};
/* End PBXSourcesBuildPhase section */

/* Begin PBXVariantGroup section */
		089C1666FE841158C02AAC07 /* InfoPlist.strings */ = {
			isa = PBXVariantGroup;
			children = (
				BC062FBF128354CA007BDE49 /* en */,
			);
			name = InfoPlist.strings;
			sourceTree = "<group>";
		};
/* End PBXVariantGroup section */

/* Begin XCBuildConfiguration section */
		1DEB91AE08733DA50010E9CD /* Debug */ = {
			isa = XCBuildConfiguration;
			baseConfigurationReference = BCEA3FE8127E13BA00AF3789 /* framework-target.xcconfig */;
			buildSettings = {
				GCC_PREFIX_HEADER = "$(SYSTEM_LIBRARY_DIR)/Frameworks/Foundation.framework/Headers/Foundation.h";
				PRODUCT_NAME = Fusion;
			};
			name = Debug;
		};
		1DEB91AF08733DA50010E9CD /* Release */ = {
			isa = XCBuildConfiguration;
			baseConfigurationReference = BCEA3FE8127E13BA00AF3789 /* framework-target.xcconfig */;
			buildSettings = {
				GCC_PREFIX_HEADER = "$(SYSTEM_LIBRARY_DIR)/Frameworks/Foundation.framework/Headers/Foundation.h";
				PRODUCT_NAME = Fusion;
			};
			name = Release;
		};
		1DEB91B208733DA50010E9CD /* Debug */ = {
			isa = XCBuildConfiguration;
			baseConfigurationReference = BCEA3FE7127E13BA00AF3789 /* debug-style.xcconfig */;
			buildSettings = {
			};
			name = Debug;
		};
		1DEB91B308733DA50010E9CD /* Release */ = {
			isa = XCBuildConfiguration;
			baseConfigurationReference = BCEA3FE9127E13BA00AF3789 /* release-style.xcconfig */;
			buildSettings = {
			};
			name = Release;
		};
		BC81653D127F0D9500EA5851 /* Debug */ = {
			isa = XCBuildConfiguration;
			buildSettings = {
				COPY_PHASE_STRIP = NO;
				GCC_DYNAMIC_NO_PIC = NO;
				GCC_OPTIMIZATION_LEVEL = 0;
				PRODUCT_NAME = Documentation;
			};
			name = Debug;
		};
		BC81653E127F0D9500EA5851 /* Release */ = {
			isa = XCBuildConfiguration;
			buildSettings = {
				COPY_PHASE_STRIP = YES;
				DEBUG_INFORMATION_FORMAT = "dwarf-with-dsym";
				GCC_ENABLE_FIX_AND_CONTINUE = NO;
				PRODUCT_NAME = Documentation;
				ZERO_LINK = NO;
			};
			name = Release;
		};
/* End XCBuildConfiguration section */

/* Begin XCConfigurationList section */
		1DEB91AD08733DA50010E9CD /* Build configuration list for PBXNativeTarget "Fusion" */ = {
			isa = XCConfigurationList;
			buildConfigurations = (
				1DEB91AE08733DA50010E9CD /* Debug */,
				1DEB91AF08733DA50010E9CD /* Release */,
			);
			defaultConfigurationIsVisible = 0;
			defaultConfigurationName = Release;
		};
		1DEB91B108733DA50010E9CD /* Build configuration list for PBXProject "Fusion" */ = {
			isa = XCConfigurationList;
			buildConfigurations = (
				1DEB91B208733DA50010E9CD /* Debug */,
				1DEB91B308733DA50010E9CD /* Release */,
			);
			defaultConfigurationIsVisible = 0;
			defaultConfigurationName = Release;
		};
		BC816545127F0DC100EA5851 /* Build configuration list for PBXAggregateTarget "Documentation" */ = {
			isa = XCConfigurationList;
			buildConfigurations = (
				BC81653D127F0D9500EA5851 /* Debug */,
				BC81653E127F0D9500EA5851 /* Release */,
			);
			defaultConfigurationIsVisible = 0;
			defaultConfigurationName = Release;
		};
/* End XCConfigurationList section */
	};
	rootObject = 0867D690FE84028FC02AAC07 /* Project object */;
}
